
Microsoft Visual Studio Solution File, Format Version 12.00
# Visual Studio Version 16
VisualStudioVersion = 16.0.29709.97
MinimumVisualStudioVersion = 10.0.40219.1
Project("{FAE04EC0-301F-11D3-BF4B-00C04F79EFBC}") = "Cvl.NodeNetworkWeb", "Cvl.NodeNetworkWeb\Cvl.NodeNetworkWeb.csproj", "{282947D5-A766-4C25-817A-36A66FBDE973}"
EndProject
Global
	GlobalSection(SolutionConfigurationPlatforms) = preSolution
		Debug|Any CPU = Debug|Any CPU
		Release|Any CPU = Release|Any CPU
	EndGlobalSection
	GlobalSection(ProjectConfigurationPlatforms) = postSolution
		{282947D5-A766-4C25-817A-36A66FBDE973}.Debug|Any CPU.ActiveCfg = Debug|Any CPU
		{282947D5-A766-4C25-817A-36A66FBDE973}.Debug|Any CPU.Build.0 = Debug|Any CPU
		{282947D5-A766-4C25-817A-36A66FBDE973}.Release|Any CPU.ActiveCfg = Release|Any CPU
		{282947D5-A766-4C25-817A-36A66FBDE973}.Release|Any CPU.Build.0 = Release|Any CPU
	EndGlobalSection
	GlobalSection(SolutionProperties) = preSolution
		HideSolutionNode = FALSE
	EndGlobalSection
	GlobalSection(ExtensibilityGlobals) = postSolution
		SolutionGuid = {A087F0B4-C889-41D3-BED5-88D21DBC4B7D}
	EndGlobalSection
EndGlobal
